
Microsoft Visual Studio Solution File, Format Version 12.00
# Visual Studio Version 17
VisualStudioVersion = 17.11.35327.3
MinimumVisualStudioVersion = 10.0.40219.1
Project("{2150E333-8FDC-42A3-9474-1A3956D46DE8}") = "source", "source", "{9EAB495B-763B-44F6-BAAE-20AFF3A0C8A6}"
EndProject
Project("{2150E333-8FDC-42A3-9474-1A3956D46DE8}") = "Order", "Order", "{D4DF318C-247B-419D-8B04-AA43E4DE46DB}"
EndProject
Project("{9A19103F-16F7-4668-BE54-9A1E7A4F7556}") = "Order.Api", "source\Order\Order.Api\Order.Api.csproj", "{D1A3E2C8-1979-4A72-BDD8-C80201168617}"
EndProject
Project("{9A19103F-16F7-4668-BE54-9A1E7A4F7556}") = "Order.Domain", "source\Order\Order.Domain\Order.Domain.csproj", "{58082568-2FAE-4930-A8C7-15756B76BBC4}"
EndProject
Project("{9A19103F-16F7-4668-BE54-9A1E7A4F7556}") = "Order.Application", "source\Order\Order.Application\Order.Application.csproj", "{35E91162-AE10-4324-AA41-221B58E6A131}"
EndProject
Project("{9A19103F-16F7-4668-BE54-9A1E7A4F7556}") = "Order.Infrastructure", "source\Order\Order.Infrastructure\Order.Infrastructure.csproj", "{0BC1EFD3-6E1E-491F-82B9-C3FD23FC60FE}"
EndProject
Project("{9A19103F-16F7-4668-BE54-9A1E7A4F7556}") = "Order.Persistence", "source\Order\Order.Persistence\Order.Persistence.csproj", "{1B68AAA9-CAB6-4590-A4DD-9D1A8F034975}"
EndProject
Project("{9A19103F-16F7-4668-BE54-9A1E7A4F7556}") = "Order.IntegrationEvents", "source\Order\Order.IntegrationEvents\Order.IntegrationEvents.csproj", "{B2F02E0F-E064-4DC8-B102-2DC50557D6F0}"
EndProject
Project("{2150E333-8FDC-42A3-9474-1A3956D46DE8}") = "Inventory", "Inventory", "{75562C1A-DC29-4EAA-B01C-435F4D0698F5}"
EndProject
Project("{9A19103F-16F7-4668-BE54-9A1E7A4F7556}") = "Inventory.Api", "source\Inventory\Inventory.Api\Inventory.Api.csproj", "{5B0C14C2-6A60-46BC-98F3-EDFEE03E24CE}"
EndProject
Project("{9A19103F-16F7-4668-BE54-9A1E7A4F7556}") = "Inventory.Infrastructure", "source\Inventory\Inventory.Infrastructure\Inventory.Infrastructure.csproj", "{3F53884A-EB88-4FDA-83B3-D09F1A0BD465}"
EndProject
Project("{E53339B2-1760-4266-BCC7-CA923CBCF16C}") = "docker-compose", "docker-compose.dcproj", "{C1D2A5BB-3F0B-4A75-A78B-76B1B3151BA5}"
EndProject
Project("{9A19103F-16F7-4668-BE54-9A1E7A4F7556}") = "Inventory.Application", "source\Inventory\Inventory.Application\Inventory.Application.csproj", "{AFE7D149-5D9F-44FC-B314-399A52BD976D}"
EndProject
Project("{9A19103F-16F7-4668-BE54-9A1E7A4F7556}") = "Inventory.Domain", "source\Inventory\Inventory.Domain\Inventory.Domain.csproj", "{2719C89E-CB2E-42B3-B9BC-D1E1CFC5F3BB}"
EndProject
Project("{2150E333-8FDC-42A3-9474-1A3956D46DE8}") = "BuildingBlocks", "BuildingBlocks", "{FF9B080A-6216-45BE-9052-EC211FC1790A}"
EndProject
Project("{9A19103F-16F7-4668-BE54-9A1E7A4F7556}") = "BuildingBlocks.Domain", "source\BuildingBlocks\BuildingBlocks.Domain\BuildingBlocks.Domain.csproj", "{F5B7B1DE-B302-4065-A9F5-94A01B54FD37}"
EndProject
Project("{9A19103F-16F7-4668-BE54-9A1E7A4F7556}") = "BuildingBlocks.Application", "source\BuildingBlocks\BuildingBlocks.Application\BuildingBlocks.Application.csproj", "{E0BDB41A-EE8C-45E5-BAE0-B72446C3D7A2}"
EndProject
Project("{9A19103F-16F7-4668-BE54-9A1E7A4F7556}") = "BuildingBlocks.Infrastructure", "source\BuildingBlocks\BuildingBlocks.Infrastructure\BuildingBlocks.Infrastructure.csproj", "{733E526C-1558-4DC4-B130-F39CE7BEDE52}"
EndProject
Project("{9A19103F-16F7-4668-BE54-9A1E7A4F7556}") = "BuildingBlocks.IntegrationEvent", "source\BuildingBlocks\BuildingBlocks.IntegrationEvent\BuildingBlocks.IntegrationEvent.csproj", "{1DC466EF-DBA1-4D33-9F0D-08F31C71EB9B}"
EndProject
Project("{2150E333-8FDC-42A3-9474-1A3956D46DE8}") = "Tests", "Tests", "{252D9E3D-EE51-4F6B-AA9F-9EBABB74C71D}"
EndProject
Project("{9A19103F-16F7-4668-BE54-9A1E7A4F7556}") = "Order.Domain.Tests", "source\Order\Tests\Order.Domain.Tests\Order.Domain.Tests.csproj", "{D0692F39-C2CB-498D-A8FF-E27B401B51E6}"
EndProject
Project("{2150E333-8FDC-42A3-9474-1A3956D46DE8}") = "Tests", "Tests", "{BC64F298-0495-4028-98B0-F242986F03E7}"
EndProject
Project("{FAE04EC0-301F-11D3-BF4B-00C04F79EFBC}") = "Inventory.Domain.Tests", "source\Inventory\Tests\Inventory.Domain.Tests\Inventory.Domain.Tests.csproj", "{4C4A72B9-1F89-431A-8051-896B5D194D2A}"
EndProject
Global
	GlobalSection(SolutionConfigurationPlatforms) = preSolution
		Debug|Any CPU = Debug|Any CPU
		Release|Any CPU = Release|Any CPU
	EndGlobalSection
	GlobalSection(ProjectConfigurationPlatforms) = postSolution
		{D1A3E2C8-1979-4A72-BDD8-C80201168617}.Debug|Any CPU.ActiveCfg = Debug|Any CPU
		{D1A3E2C8-1979-4A72-BDD8-C80201168617}.Debug|Any CPU.Build.0 = Debug|Any CPU
		{D1A3E2C8-1979-4A72-BDD8-C80201168617}.Release|Any CPU.ActiveCfg = Release|Any CPU
		{D1A3E2C8-1979-4A72-BDD8-C80201168617}.Release|Any CPU.Build.0 = Release|Any CPU
		{58082568-2FAE-4930-A8C7-15756B76BBC4}.Debug|Any CPU.ActiveCfg = Debug|Any CPU
		{58082568-2FAE-4930-A8C7-15756B76BBC4}.Debug|Any CPU.Build.0 = Debug|Any CPU
		{58082568-2FAE-4930-A8C7-15756B76BBC4}.Release|Any CPU.ActiveCfg = Release|Any CPU
		{58082568-2FAE-4930-A8C7-15756B76BBC4}.Release|Any CPU.Build.0 = Release|Any CPU
		{35E91162-AE10-4324-AA41-221B58E6A131}.Debug|Any CPU.ActiveCfg = Debug|Any CPU
		{35E91162-AE10-4324-AA41-221B58E6A131}.Debug|Any CPU.Build.0 = Debug|Any CPU
		{35E91162-AE10-4324-AA41-221B58E6A131}.Release|Any CPU.ActiveCfg = Release|Any CPU
		{35E91162-AE10-4324-AA41-221B58E6A131}.Release|Any CPU.Build.0 = Release|Any CPU
		{0BC1EFD3-6E1E-491F-82B9-C3FD23FC60FE}.Debug|Any CPU.ActiveCfg = Debug|Any CPU
		{0BC1EFD3-6E1E-491F-82B9-C3FD23FC60FE}.Debug|Any CPU.Build.0 = Debug|Any CPU
		{0BC1EFD3-6E1E-491F-82B9-C3FD23FC60FE}.Release|Any CPU.ActiveCfg = Release|Any CPU
		{0BC1EFD3-6E1E-491F-82B9-C3FD23FC60FE}.Release|Any CPU.Build.0 = Release|Any CPU
		{1B68AAA9-CAB6-4590-A4DD-9D1A8F034975}.Debug|Any CPU.ActiveCfg = Debug|Any CPU
		{1B68AAA9-CAB6-4590-A4DD-9D1A8F034975}.Debug|Any CPU.Build.0 = Debug|Any CPU
		{1B68AAA9-CAB6-4590-A4DD-9D1A8F034975}.Release|Any CPU.ActiveCfg = Release|Any CPU
		{1B68AAA9-CAB6-4590-A4DD-9D1A8F034975}.Release|Any CPU.Build.0 = Release|Any CPU
		{B2F02E0F-E064-4DC8-B102-2DC50557D6F0}.Debug|Any CPU.ActiveCfg = Debug|Any CPU
		{B2F02E0F-E064-4DC8-B102-2DC50557D6F0}.Debug|Any CPU.Build.0 = Debug|Any CPU
		{B2F02E0F-E064-4DC8-B102-2DC50557D6F0}.Release|Any CPU.ActiveCfg = Release|Any CPU
		{B2F02E0F-E064-4DC8-B102-2DC50557D6F0}.Release|Any CPU.Build.0 = Release|Any CPU
		{5B0C14C2-6A60-46BC-98F3-EDFEE03E24CE}.Debug|Any CPU.ActiveCfg = Debug|Any CPU
		{5B0C14C2-6A60-46BC-98F3-EDFEE03E24CE}.Debug|Any CPU.Build.0 = Debug|Any CPU
		{5B0C14C2-6A60-46BC-98F3-EDFEE03E24CE}.Release|Any CPU.ActiveCfg = Release|Any CPU
		{5B0C14C2-6A60-46BC-98F3-EDFEE03E24CE}.Release|Any CPU.Build.0 = Release|Any CPU
		{3F53884A-EB88-4FDA-83B3-D09F1A0BD465}.Debug|Any CPU.ActiveCfg = Debug|Any CPU
		{3F53884A-EB88-4FDA-83B3-D09F1A0BD465}.Debug|Any CPU.Build.0 = Debug|Any CPU
		{3F53884A-EB88-4FDA-83B3-D09F1A0BD465}.Release|Any CPU.ActiveCfg = Release|Any CPU
		{3F53884A-EB88-4FDA-83B3-D09F1A0BD465}.Release|Any CPU.Build.0 = Release|Any CPU
		{C1D2A5BB-3F0B-4A75-A78B-76B1B3151BA5}.Debug|Any CPU.ActiveCfg = Debug|Any CPU
		{C1D2A5BB-3F0B-4A75-A78B-76B1B3151BA5}.Debug|Any CPU.Build.0 = Debug|Any CPU
		{C1D2A5BB-3F0B-4A75-A78B-76B1B3151BA5}.Release|Any CPU.ActiveCfg = Release|Any CPU
		{C1D2A5BB-3F0B-4A75-A78B-76B1B3151BA5}.Release|Any CPU.Build.0 = Release|Any CPU
		{AFE7D149-5D9F-44FC-B314-399A52BD976D}.Debug|Any CPU.ActiveCfg = Debug|Any CPU
		{AFE7D149-5D9F-44FC-B314-399A52BD976D}.Debug|Any CPU.Build.0 = Debug|Any CPU
		{AFE7D149-5D9F-44FC-B314-399A52BD976D}.Release|Any CPU.ActiveCfg = Release|Any CPU
		{AFE7D149-5D9F-44FC-B314-399A52BD976D}.Release|Any CPU.Build.0 = Release|Any CPU
		{2719C89E-CB2E-42B3-B9BC-D1E1CFC5F3BB}.Debug|Any CPU.ActiveCfg = Debug|Any CPU
		{2719C89E-CB2E-42B3-B9BC-D1E1CFC5F3BB}.Debug|Any CPU.Build.0 = Debug|Any CPU
		{2719C89E-CB2E-42B3-B9BC-D1E1CFC5F3BB}.Release|Any CPU.ActiveCfg = Release|Any CPU
		{2719C89E-CB2E-42B3-B9BC-D1E1CFC5F3BB}.Release|Any CPU.Build.0 = Release|Any CPU
		{F5B7B1DE-B302-4065-A9F5-94A01B54FD37}.Debug|Any CPU.ActiveCfg = Debug|Any CPU
		{F5B7B1DE-B302-4065-A9F5-94A01B54FD37}.Debug|Any CPU.Build.0 = Debug|Any CPU
		{F5B7B1DE-B302-4065-A9F5-94A01B54FD37}.Release|Any CPU.ActiveCfg = Release|Any CPU
		{F5B7B1DE-B302-4065-A9F5-94A01B54FD37}.Release|Any CPU.Build.0 = Release|Any CPU
		{E0BDB41A-EE8C-45E5-BAE0-B72446C3D7A2}.Debug|Any CPU.ActiveCfg = Debug|Any CPU
		{E0BDB41A-EE8C-45E5-BAE0-B72446C3D7A2}.Debug|Any CPU.Build.0 = Debug|Any CPU
		{E0BDB41A-EE8C-45E5-BAE0-B72446C3D7A2}.Release|Any CPU.ActiveCfg = Release|Any CPU
		{E0BDB41A-EE8C-45E5-BAE0-B72446C3D7A2}.Release|Any CPU.Build.0 = Release|Any CPU
		{733E526C-1558-4DC4-B130-F39CE7BEDE52}.Debug|Any CPU.ActiveCfg = Debug|Any CPU
		{733E526C-1558-4DC4-B130-F39CE7BEDE52}.Debug|Any CPU.Build.0 = Debug|Any CPU
		{733E526C-1558-4DC4-B130-F39CE7BEDE52}.Release|Any CPU.ActiveCfg = Release|Any CPU
		{733E526C-1558-4DC4-B130-F39CE7BEDE52}.Release|Any CPU.Build.0 = Release|Any CPU
		{1DC466EF-DBA1-4D33-9F0D-08F31C71EB9B}.Debug|Any CPU.ActiveCfg = Debug|Any CPU
		{1DC466EF-DBA1-4D33-9F0D-08F31C71EB9B}.Debug|Any CPU.Build.0 = Debug|Any CPU
		{1DC466EF-DBA1-4D33-9F0D-08F31C71EB9B}.Release|Any CPU.ActiveCfg = Release|Any CPU
		{1DC466EF-DBA1-4D33-9F0D-08F31C71EB9B}.Release|Any CPU.Build.0 = Release|Any CPU
		{D0692F39-C2CB-498D-A8FF-E27B401B51E6}.Debug|Any CPU.ActiveCfg = Debug|Any CPU
		{D0692F39-C2CB-498D-A8FF-E27B401B51E6}.Debug|Any CPU.Build.0 = Debug|Any CPU
		{D0692F39-C2CB-498D-A8FF-E27B401B51E6}.Release|Any CPU.ActiveCfg = Release|Any CPU
		{D0692F39-C2CB-498D-A8FF-E27B401B51E6}.Release|Any CPU.Build.0 = Release|Any CPU
		{4C4A72B9-1F89-431A-8051-896B5D194D2A}.Debug|Any CPU.ActiveCfg = Debug|Any CPU
		{4C4A72B9-1F89-431A-8051-896B5D194D2A}.Debug|Any CPU.Build.0 = Debug|Any CPU
		{4C4A72B9-1F89-431A-8051-896B5D194D2A}.Release|Any CPU.ActiveCfg = Release|Any CPU
		{4C4A72B9-1F89-431A-8051-896B5D194D2A}.Release|Any CPU.Build.0 = Release|Any CPU
	EndGlobalSection
	GlobalSection(SolutionProperties) = preSolution
		HideSolutionNode = FALSE
	EndGlobalSection
	GlobalSection(NestedProjects) = preSolution
		{D4DF318C-247B-419D-8B04-AA43E4DE46DB} = {9EAB495B-763B-44F6-BAAE-20AFF3A0C8A6}
		{D1A3E2C8-1979-4A72-BDD8-C80201168617} = {D4DF318C-247B-419D-8B04-AA43E4DE46DB}
		{58082568-2FAE-4930-A8C7-15756B76BBC4} = {D4DF318C-247B-419D-8B04-AA43E4DE46DB}
		{35E91162-AE10-4324-AA41-221B58E6A131} = {D4DF318C-247B-419D-8B04-AA43E4DE46DB}
		{0BC1EFD3-6E1E-491F-82B9-C3FD23FC60FE} = {D4DF318C-247B-419D-8B04-AA43E4DE46DB}
		{1B68AAA9-CAB6-4590-A4DD-9D1A8F034975} = {D4DF318C-247B-419D-8B04-AA43E4DE46DB}
		{B2F02E0F-E064-4DC8-B102-2DC50557D6F0} = {D4DF318C-247B-419D-8B04-AA43E4DE46DB}
		{75562C1A-DC29-4EAA-B01C-435F4D0698F5} = {9EAB495B-763B-44F6-BAAE-20AFF3A0C8A6}
		{5B0C14C2-6A60-46BC-98F3-EDFEE03E24CE} = {75562C1A-DC29-4EAA-B01C-435F4D0698F5}
		{3F53884A-EB88-4FDA-83B3-D09F1A0BD465} = {75562C1A-DC29-4EAA-B01C-435F4D0698F5}
		{AFE7D149-5D9F-44FC-B314-399A52BD976D} = {75562C1A-DC29-4EAA-B01C-435F4D0698F5}
		{2719C89E-CB2E-42B3-B9BC-D1E1CFC5F3BB} = {75562C1A-DC29-4EAA-B01C-435F4D0698F5}
		{FF9B080A-6216-45BE-9052-EC211FC1790A} = {9EAB495B-763B-44F6-BAAE-20AFF3A0C8A6}
		{F5B7B1DE-B302-4065-A9F5-94A01B54FD37} = {FF9B080A-6216-45BE-9052-EC211FC1790A}
		{E0BDB41A-EE8C-45E5-BAE0-B72446C3D7A2} = {FF9B080A-6216-45BE-9052-EC211FC1790A}
		{733E526C-1558-4DC4-B130-F39CE7BEDE52} = {FF9B080A-6216-45BE-9052-EC211FC1790A}
		{1DC466EF-DBA1-4D33-9F0D-08F31C71EB9B} = {FF9B080A-6216-45BE-9052-EC211FC1790A}
		{252D9E3D-EE51-4F6B-AA9F-9EBABB74C71D} = {D4DF318C-247B-419D-8B04-AA43E4DE46DB}
		{D0692F39-C2CB-498D-A8FF-E27B401B51E6} = {252D9E3D-EE51-4F6B-AA9F-9EBABB74C71D}
		{BC64F298-0495-4028-98B0-F242986F03E7} = {75562C1A-DC29-4EAA-B01C-435F4D0698F5}
		{4C4A72B9-1F89-431A-8051-896B5D194D2A} = {BC64F298-0495-4028-98B0-F242986F03E7}
	EndGlobalSection
	GlobalSection(ExtensibilityGlobals) = postSolution
		SolutionGuid = {8BF2C8C3-85C4-4FF2-8B8B-A56B363957FF}
	EndGlobalSection
EndGlobal
